
Microsoft Visual Studio Solution File, Format Version 12.00
# Visual Studio Version 17
VisualStudioVersion = 17.0.32112.339
MinimumVisualStudioVersion = 10.0.40219.1
Project("{2150E333-8FDC-42A3-9474-1A3956D46DE8}") = "src", "src", "{0A98C23F-E3EC-40F6-B43E-E56D7D9CD782}"
EndProject
Project("{9A19103F-16F7-4668-BE54-9A1E7A4F7556}") = "SmartUI.Sample", "SmartUI.Sample\SmartUI.Sample.csproj", "{A79C6147-0D85-4B44-A38E-5B3BF06A56DA}"
EndProject
Project("{2150E333-8FDC-42A3-9474-1A3956D46DE8}") = "SmartUI.Blazor", "SmartUI.Blazor", "{340588D9-9D93-4020-9C38-A54DD275E698}"
EndProject
Project("{9A19103F-16F7-4668-BE54-9A1E7A4F7556}") = "SmartUI.Blazor", "src\SmartUI.Blazor\SmartUI.Blazor.csproj", "{D199BEEB-CBB4-4EBB-A720-E279A448BC86}"
EndProject
Project("{9A19103F-16F7-4668-BE54-9A1E7A4F7556}") = "SmartUI.Blazor.Shared", "src\SmartUI.Blazor.Shared\SmartUI.Blazor.Shared.csproj", "{B2F44CB3-1AA9-4D00-A809-303C4945711E}"
EndProject
Project("{2150E333-8FDC-42A3-9474-1A3956D46DE8}") = "SmartUI.Blazor.Forms", "SmartUI.Blazor.Forms", "{B1C8EF6A-6222-472E-A195-464BDD5EAC51}"
EndProject
Project("{2150E333-8FDC-42A3-9474-1A3956D46DE8}") = "Domain", "Domain", "{92A735A1-0915-4293-BBCE-3697E4844918}"
EndProject
Project("{9A19103F-16F7-4668-BE54-9A1E7A4F7556}") = "SmartUI.Blazor.Forms", "src\Domain\SmartUI.Blazor.Forms\SmartUI.Blazor.Forms.csproj", "{B8592ABA-EDF7-404D-B89E-9A7F3BD08BCC}"
EndProject
Project("{9A19103F-16F7-4668-BE54-9A1E7A4F7556}") = "SmartUI.Blazor.Forms.Shared", "src\Domain\SmartUI.Blazor.Forms.Shared\SmartUI.Blazor.Forms.Shared.csproj", "{03DE9008-CD74-46B8-8869-D5397D62EF4B}"
EndProject
Project("{2150E333-8FDC-42A3-9474-1A3956D46DE8}") = "InputText", "InputText", "{FE0E31A3-035B-48C9-9211-902E6FB174A5}"
EndProject
Project("{9A19103F-16F7-4668-BE54-9A1E7A4F7556}") = "InputText", "src\Domain\InputText\InputText.csproj", "{3A5F1643-0C90-4716-BE8C-A1C37AAE886F}"
EndProject
Project("{2150E333-8FDC-42A3-9474-1A3956D46DE8}") = "InputNumber", "InputNumber", "{29BE085B-9663-4908-B0FA-680BA7767A75}"
EndProject
Project("{FAE04EC0-301F-11D3-BF4B-00C04F79EFBC}") = "InputNumber", "src\Domain\InputNumber\InputNumber.csproj", "{A882CF74-9C05-42A4-9804-F1B34B9AD4D9}"
EndProject
Global
	GlobalSection(SolutionConfigurationPlatforms) = preSolution
		Debug|Any CPU = Debug|Any CPU
		Release|Any CPU = Release|Any CPU
	EndGlobalSection
	GlobalSection(ProjectConfigurationPlatforms) = postSolution
		{A79C6147-0D85-4B44-A38E-5B3BF06A56DA}.Debug|Any CPU.ActiveCfg = Debug|Any CPU
		{A79C6147-0D85-4B44-A38E-5B3BF06A56DA}.Debug|Any CPU.Build.0 = Debug|Any CPU
		{A79C6147-0D85-4B44-A38E-5B3BF06A56DA}.Release|Any CPU.ActiveCfg = Release|Any CPU
		{A79C6147-0D85-4B44-A38E-5B3BF06A56DA}.Release|Any CPU.Build.0 = Release|Any CPU
		{D199BEEB-CBB4-4EBB-A720-E279A448BC86}.Debug|Any CPU.ActiveCfg = Debug|Any CPU
		{D199BEEB-CBB4-4EBB-A720-E279A448BC86}.Debug|Any CPU.Build.0 = Debug|Any CPU
		{D199BEEB-CBB4-4EBB-A720-E279A448BC86}.Release|Any CPU.ActiveCfg = Release|Any CPU
		{D199BEEB-CBB4-4EBB-A720-E279A448BC86}.Release|Any CPU.Build.0 = Release|Any CPU
		{B2F44CB3-1AA9-4D00-A809-303C4945711E}.Debug|Any CPU.ActiveCfg = Debug|Any CPU
		{B2F44CB3-1AA9-4D00-A809-303C4945711E}.Debug|Any CPU.Build.0 = Debug|Any CPU
		{B2F44CB3-1AA9-4D00-A809-303C4945711E}.Release|Any CPU.ActiveCfg = Release|Any CPU
		{B2F44CB3-1AA9-4D00-A809-303C4945711E}.Release|Any CPU.Build.0 = Release|Any CPU
		{B8592ABA-EDF7-404D-B89E-9A7F3BD08BCC}.Debug|Any CPU.ActiveCfg = Debug|Any CPU
		{B8592ABA-EDF7-404D-B89E-9A7F3BD08BCC}.Debug|Any CPU.Build.0 = Debug|Any CPU
		{B8592ABA-EDF7-404D-B89E-9A7F3BD08BCC}.Release|Any CPU.ActiveCfg = Release|Any CPU
		{B8592ABA-EDF7-404D-B89E-9A7F3BD08BCC}.Release|Any CPU.Build.0 = Release|Any CPU
		{03DE9008-CD74-46B8-8869-D5397D62EF4B}.Debug|Any CPU.ActiveCfg = Debug|Any CPU
		{03DE9008-CD74-46B8-8869-D5397D62EF4B}.Debug|Any CPU.Build.0 = Debug|Any CPU
		{03DE9008-CD74-46B8-8869-D5397D62EF4B}.Release|Any CPU.ActiveCfg = Release|Any CPU
		{03DE9008-CD74-46B8-8869-D5397D62EF4B}.Release|Any CPU.Build.0 = Release|Any CPU
		{3A5F1643-0C90-4716-BE8C-A1C37AAE886F}.Debug|Any CPU.ActiveCfg = Debug|Any CPU
		{3A5F1643-0C90-4716-BE8C-A1C37AAE886F}.Debug|Any CPU.Build.0 = Debug|Any CPU
		{3A5F1643-0C90-4716-BE8C-A1C37AAE886F}.Release|Any CPU.ActiveCfg = Release|Any CPU
		{3A5F1643-0C90-4716-BE8C-A1C37AAE886F}.Release|Any CPU.Build.0 = Release|Any CPU
		{A882CF74-9C05-42A4-9804-F1B34B9AD4D9}.Debug|Any CPU.ActiveCfg = Debug|Any CPU
		{A882CF74-9C05-42A4-9804-F1B34B9AD4D9}.Debug|Any CPU.Build.0 = Debug|Any CPU
		{A882CF74-9C05-42A4-9804-F1B34B9AD4D9}.Release|Any CPU.ActiveCfg = Release|Any CPU
		{A882CF74-9C05-42A4-9804-F1B34B9AD4D9}.Release|Any CPU.Build.0 = Release|Any CPU
	EndGlobalSection
	GlobalSection(SolutionProperties) = preSolution
		HideSolutionNode = FALSE
	EndGlobalSection
	GlobalSection(NestedProjects) = preSolution
		{340588D9-9D93-4020-9C38-A54DD275E698} = {0A98C23F-E3EC-40F6-B43E-E56D7D9CD782}
		{D199BEEB-CBB4-4EBB-A720-E279A448BC86} = {340588D9-9D93-4020-9C38-A54DD275E698}
		{B2F44CB3-1AA9-4D00-A809-303C4945711E} = {340588D9-9D93-4020-9C38-A54DD275E698}
		{B1C8EF6A-6222-472E-A195-464BDD5EAC51} = {92A735A1-0915-4293-BBCE-3697E4844918}
		{92A735A1-0915-4293-BBCE-3697E4844918} = {340588D9-9D93-4020-9C38-A54DD275E698}
		{B8592ABA-EDF7-404D-B89E-9A7F3BD08BCC} = {B1C8EF6A-6222-472E-A195-464BDD5EAC51}
		{03DE9008-CD74-46B8-8869-D5397D62EF4B} = {B1C8EF6A-6222-472E-A195-464BDD5EAC51}
		{FE0E31A3-035B-48C9-9211-902E6FB174A5} = {B1C8EF6A-6222-472E-A195-464BDD5EAC51}
		{3A5F1643-0C90-4716-BE8C-A1C37AAE886F} = {FE0E31A3-035B-48C9-9211-902E6FB174A5}
		{29BE085B-9663-4908-B0FA-680BA7767A75} = {B1C8EF6A-6222-472E-A195-464BDD5EAC51}
		{A882CF74-9C05-42A4-9804-F1B34B9AD4D9} = {29BE085B-9663-4908-B0FA-680BA7767A75}
	EndGlobalSection
	GlobalSection(ExtensibilityGlobals) = postSolution
		SolutionGuid = {993FAA26-96FE-4E72-8BAD-3747FB3C3F55}
	EndGlobalSection
EndGlobal
