
Microsoft Visual Studio Solution File, Format Version 12.00
# Visual Studio Version 17
VisualStudioVersion = 17.0.32112.339
MinimumVisualStudioVersion = 10.0.40219.1
Project("{2150E333-8FDC-42A3-9474-1A3956D46DE8}") = "src", "src", "{0A98C23F-E3EC-40F6-B43E-E56D7D9CD782}"
EndProject
Project("{9A19103F-16F7-4668-BE54-9A1E7A4F7556}") = "SmartUI.Sample", "SmartUI.Sample\SmartUI.Sample.csproj", "{A79C6147-0D85-4B44-A38E-5B3BF06A56DA}"
EndProject
Project("{2150E333-8FDC-42A3-9474-1A3956D46DE8}") = "SmartUI.Blazor", "SmartUI.Blazor", "{340588D9-9D93-4020-9C38-A54DD275E698}"
EndProject
Project("{9A19103F-16F7-4668-BE54-9A1E7A4F7556}") = "SmartUI.Blazor", "src\SmartUI.Blazor\SmartUI.Blazor.csproj", "{D199BEEB-CBB4-4EBB-A720-E279A448BC86}"
EndProject
Project("{9A19103F-16F7-4668-BE54-9A1E7A4F7556}") = "SmartUI.Blazor.Shared", "src\SmartUI.Blazor.Shared\SmartUI.Blazor.Shared.csproj", "{B2F44CB3-1AA9-4D00-A809-303C4945711E}"
EndProject
Project("{2150E333-8FDC-42A3-9474-1A3956D46DE8}") = "SmartUI.Blazor.Forms", "SmartUI.Blazor.Forms", "{B1C8EF6A-6222-472E-A195-464BDD5EAC51}"
EndProject
Project("{2150E333-8FDC-42A3-9474-1A3956D46DE8}") = "Domain", "Domain", "{92A735A1-0915-4293-BBCE-3697E4844918}"
EndProject
Project("{2150E333-8FDC-42A3-9474-1A3956D46DE8}") = "InputText", "InputText", "{FE0E31A3-035B-48C9-9211-902E6FB174A5}"
EndProject
Project("{2150E333-8FDC-42A3-9474-1A3956D46DE8}") = "InputNumber", "InputNumber", "{29BE085B-9663-4908-B0FA-680BA7767A75}"
EndProject
Project("{2150E333-8FDC-42A3-9474-1A3956D46DE8}") = "SmartUI.Blazor.Data", "SmartUI.Blazor.Data", "{EE17B837-279D-4F25-BC88-40B8049F54FD}"
EndProject
Project("{9A19103F-16F7-4668-BE54-9A1E7A4F7556}") = "SmartUI.Blazor.Data", "src\Domain\SmartUI.Blazor.Data\SmartUI.Blazor.Data\SmartUI.Blazor.Data.csproj", "{B24AA93A-FB49-48F0-B451-0E52580DC3CE}"
EndProject
Project("{9A19103F-16F7-4668-BE54-9A1E7A4F7556}") = "SmartUI.Blazor.Data.Shared", "src\Domain\SmartUI.Blazor.Data\SmartUI.Blazor.Data.Shared\SmartUI.Blazor.Data.Shared.csproj", "{BC3425C6-1853-4610-B77C-32BEBD3C381D}"
EndProject
Project("{9A19103F-16F7-4668-BE54-9A1E7A4F7556}") = "SmartUI.Blazor.Forms", "src\Domain\SmartUI.Blazor.Forms\SmartUI.Blazor.Forms\SmartUI.Blazor.Forms.csproj", "{BF958739-F3B0-4A04-AF24-DF7698CD5C3E}"
EndProject
Project("{9A19103F-16F7-4668-BE54-9A1E7A4F7556}") = "SmartUI.Blazor.Forms.Shared", "src\Domain\SmartUI.Blazor.Forms\SmartUI.Blazor.Forms.Shared\SmartUI.Blazor.Forms.Shared.csproj", "{74CE8C0C-155D-40B8-A70B-EC497AA8FC55}"
EndProject
Project("{9A19103F-16F7-4668-BE54-9A1E7A4F7556}") = "InputText", "src\Domain\SmartUI.Blazor.Forms\InputText\InputText.csproj", "{9BA184F8-12E7-4B0D-AB69-554E03010DE9}"
EndProject
Project("{9A19103F-16F7-4668-BE54-9A1E7A4F7556}") = "InputNumber", "src\Domain\SmartUI.Blazor.Forms\InputNumber\InputNumber.csproj", "{3910D5F7-537A-413B-AF9D-150ED7C27DD2}"
EndProject
Project("{2150E333-8FDC-42A3-9474-1A3956D46DE8}") = "SmartGrid", "SmartGrid", "{2868ADBC-8A5B-4C49-A83E-9BB18B8E97C8}"
EndProject
Project("{9A19103F-16F7-4668-BE54-9A1E7A4F7556}") = "SmartGrid", "src\Domain\SmartUI.Blazor.Data\SmartGrid\SmartGrid.csproj", "{2A1DFB61-2802-424B-8DEB-784C162B3207}"
EndProject
Project("{2150E333-8FDC-42A3-9474-1A3956D46DE8}") = "Pagination", "Pagination", "{318426E9-9B15-4670-BF53-7ABBAF805468}"
EndProject
Project("{9A19103F-16F7-4668-BE54-9A1E7A4F7556}") = "Pagination", "src\Domain\SmartUI.Blazor.Data\Pagination\Pagination.csproj", "{B2CF7FBD-CB1D-485B-8556-F5EECDF8B8BD}"
EndProject
Project("{2150E333-8FDC-42A3-9474-1A3956D46DE8}") = "MultiSelect", "MultiSelect", "{7CB65476-B614-49C8-98B0-D0E9E609A016}"
EndProject
Project("{9A19103F-16F7-4668-BE54-9A1E7A4F7556}") = "MultiSelect", "src\Domain\SmartUI.Blazor.Forms\IFR3.Client\MultiSelect.csproj", "{5F4ED65D-043B-4827-80FC-181AB166B905}"
EndProject
Project("{FAE04EC0-301F-11D3-BF4B-00C04F79EFBC}") = "DropDownList", "src\Domain\SmartUI.Blazor.Forms\DropDownList\DropDownList.csproj", "{ACF30BA2-BF41-415A-9F8C-56E15E271410}"
EndProject
Project("{2150E333-8FDC-42A3-9474-1A3956D46DE8}") = "DropDownList", "DropDownList", "{60044CF5-F41C-4DBF-973C-89B40DD61814}"
EndProject
Global
	GlobalSection(SolutionConfigurationPlatforms) = preSolution
		Debug|Any CPU = Debug|Any CPU
		Release|Any CPU = Release|Any CPU
	EndGlobalSection
	GlobalSection(ProjectConfigurationPlatforms) = postSolution
		{A79C6147-0D85-4B44-A38E-5B3BF06A56DA}.Debug|Any CPU.ActiveCfg = Debug|Any CPU
		{A79C6147-0D85-4B44-A38E-5B3BF06A56DA}.Debug|Any CPU.Build.0 = Debug|Any CPU
		{A79C6147-0D85-4B44-A38E-5B3BF06A56DA}.Release|Any CPU.ActiveCfg = Release|Any CPU
		{A79C6147-0D85-4B44-A38E-5B3BF06A56DA}.Release|Any CPU.Build.0 = Release|Any CPU
		{D199BEEB-CBB4-4EBB-A720-E279A448BC86}.Debug|Any CPU.ActiveCfg = Debug|Any CPU
		{D199BEEB-CBB4-4EBB-A720-E279A448BC86}.Debug|Any CPU.Build.0 = Debug|Any CPU
		{D199BEEB-CBB4-4EBB-A720-E279A448BC86}.Release|Any CPU.ActiveCfg = Release|Any CPU
		{D199BEEB-CBB4-4EBB-A720-E279A448BC86}.Release|Any CPU.Build.0 = Release|Any CPU
		{B2F44CB3-1AA9-4D00-A809-303C4945711E}.Debug|Any CPU.ActiveCfg = Debug|Any CPU
		{B2F44CB3-1AA9-4D00-A809-303C4945711E}.Debug|Any CPU.Build.0 = Debug|Any CPU
		{B2F44CB3-1AA9-4D00-A809-303C4945711E}.Release|Any CPU.ActiveCfg = Release|Any CPU
		{B2F44CB3-1AA9-4D00-A809-303C4945711E}.Release|Any CPU.Build.0 = Release|Any CPU
		{B24AA93A-FB49-48F0-B451-0E52580DC3CE}.Debug|Any CPU.ActiveCfg = Debug|Any CPU
		{B24AA93A-FB49-48F0-B451-0E52580DC3CE}.Debug|Any CPU.Build.0 = Debug|Any CPU
		{B24AA93A-FB49-48F0-B451-0E52580DC3CE}.Release|Any CPU.ActiveCfg = Release|Any CPU
		{B24AA93A-FB49-48F0-B451-0E52580DC3CE}.Release|Any CPU.Build.0 = Release|Any CPU
		{BC3425C6-1853-4610-B77C-32BEBD3C381D}.Debug|Any CPU.ActiveCfg = Debug|Any CPU
		{BC3425C6-1853-4610-B77C-32BEBD3C381D}.Debug|Any CPU.Build.0 = Debug|Any CPU
		{BC3425C6-1853-4610-B77C-32BEBD3C381D}.Release|Any CPU.ActiveCfg = Release|Any CPU
		{BC3425C6-1853-4610-B77C-32BEBD3C381D}.Release|Any CPU.Build.0 = Release|Any CPU
		{BF958739-F3B0-4A04-AF24-DF7698CD5C3E}.Debug|Any CPU.ActiveCfg = Debug|Any CPU
		{BF958739-F3B0-4A04-AF24-DF7698CD5C3E}.Debug|Any CPU.Build.0 = Debug|Any CPU
		{BF958739-F3B0-4A04-AF24-DF7698CD5C3E}.Release|Any CPU.ActiveCfg = Release|Any CPU
		{BF958739-F3B0-4A04-AF24-DF7698CD5C3E}.Release|Any CPU.Build.0 = Release|Any CPU
		{74CE8C0C-155D-40B8-A70B-EC497AA8FC55}.Debug|Any CPU.ActiveCfg = Debug|Any CPU
		{74CE8C0C-155D-40B8-A70B-EC497AA8FC55}.Debug|Any CPU.Build.0 = Debug|Any CPU
		{74CE8C0C-155D-40B8-A70B-EC497AA8FC55}.Release|Any CPU.ActiveCfg = Release|Any CPU
		{74CE8C0C-155D-40B8-A70B-EC497AA8FC55}.Release|Any CPU.Build.0 = Release|Any CPU
		{9BA184F8-12E7-4B0D-AB69-554E03010DE9}.Debug|Any CPU.ActiveCfg = Debug|Any CPU
		{9BA184F8-12E7-4B0D-AB69-554E03010DE9}.Debug|Any CPU.Build.0 = Debug|Any CPU
		{9BA184F8-12E7-4B0D-AB69-554E03010DE9}.Release|Any CPU.ActiveCfg = Release|Any CPU
		{9BA184F8-12E7-4B0D-AB69-554E03010DE9}.Release|Any CPU.Build.0 = Release|Any CPU
		{3910D5F7-537A-413B-AF9D-150ED7C27DD2}.Debug|Any CPU.ActiveCfg = Debug|Any CPU
		{3910D5F7-537A-413B-AF9D-150ED7C27DD2}.Debug|Any CPU.Build.0 = Debug|Any CPU
		{3910D5F7-537A-413B-AF9D-150ED7C27DD2}.Release|Any CPU.ActiveCfg = Release|Any CPU
		{3910D5F7-537A-413B-AF9D-150ED7C27DD2}.Release|Any CPU.Build.0 = Release|Any CPU
		{2A1DFB61-2802-424B-8DEB-784C162B3207}.Debug|Any CPU.ActiveCfg = Debug|Any CPU
		{2A1DFB61-2802-424B-8DEB-784C162B3207}.Debug|Any CPU.Build.0 = Debug|Any CPU
		{2A1DFB61-2802-424B-8DEB-784C162B3207}.Release|Any CPU.ActiveCfg = Release|Any CPU
		{2A1DFB61-2802-424B-8DEB-784C162B3207}.Release|Any CPU.Build.0 = Release|Any CPU
		{B2CF7FBD-CB1D-485B-8556-F5EECDF8B8BD}.Debug|Any CPU.ActiveCfg = Debug|Any CPU
		{B2CF7FBD-CB1D-485B-8556-F5EECDF8B8BD}.Debug|Any CPU.Build.0 = Debug|Any CPU
		{B2CF7FBD-CB1D-485B-8556-F5EECDF8B8BD}.Release|Any CPU.ActiveCfg = Release|Any CPU
		{B2CF7FBD-CB1D-485B-8556-F5EECDF8B8BD}.Release|Any CPU.Build.0 = Release|Any CPU
		{5F4ED65D-043B-4827-80FC-181AB166B905}.Debug|Any CPU.ActiveCfg = Debug|Any CPU
		{5F4ED65D-043B-4827-80FC-181AB166B905}.Debug|Any CPU.Build.0 = Debug|Any CPU
		{5F4ED65D-043B-4827-80FC-181AB166B905}.Release|Any CPU.ActiveCfg = Release|Any CPU
		{5F4ED65D-043B-4827-80FC-181AB166B905}.Release|Any CPU.Build.0 = Release|Any CPU
		{ACF30BA2-BF41-415A-9F8C-56E15E271410}.Debug|Any CPU.ActiveCfg = Debug|Any CPU
		{ACF30BA2-BF41-415A-9F8C-56E15E271410}.Debug|Any CPU.Build.0 = Debug|Any CPU
		{ACF30BA2-BF41-415A-9F8C-56E15E271410}.Release|Any CPU.ActiveCfg = Release|Any CPU
		{ACF30BA2-BF41-415A-9F8C-56E15E271410}.Release|Any CPU.Build.0 = Release|Any CPU
	EndGlobalSection
	GlobalSection(SolutionProperties) = preSolution
		HideSolutionNode = FALSE
	EndGlobalSection
	GlobalSection(NestedProjects) = preSolution
		{340588D9-9D93-4020-9C38-A54DD275E698} = {0A98C23F-E3EC-40F6-B43E-E56D7D9CD782}
		{D199BEEB-CBB4-4EBB-A720-E279A448BC86} = {340588D9-9D93-4020-9C38-A54DD275E698}
		{B2F44CB3-1AA9-4D00-A809-303C4945711E} = {340588D9-9D93-4020-9C38-A54DD275E698}
		{B1C8EF6A-6222-472E-A195-464BDD5EAC51} = {92A735A1-0915-4293-BBCE-3697E4844918}
		{92A735A1-0915-4293-BBCE-3697E4844918} = {340588D9-9D93-4020-9C38-A54DD275E698}
		{FE0E31A3-035B-48C9-9211-902E6FB174A5} = {B1C8EF6A-6222-472E-A195-464BDD5EAC51}
		{29BE085B-9663-4908-B0FA-680BA7767A75} = {B1C8EF6A-6222-472E-A195-464BDD5EAC51}
		{EE17B837-279D-4F25-BC88-40B8049F54FD} = {92A735A1-0915-4293-BBCE-3697E4844918}
		{B24AA93A-FB49-48F0-B451-0E52580DC3CE} = {EE17B837-279D-4F25-BC88-40B8049F54FD}
		{BC3425C6-1853-4610-B77C-32BEBD3C381D} = {EE17B837-279D-4F25-BC88-40B8049F54FD}
		{BF958739-F3B0-4A04-AF24-DF7698CD5C3E} = {B1C8EF6A-6222-472E-A195-464BDD5EAC51}
		{74CE8C0C-155D-40B8-A70B-EC497AA8FC55} = {B1C8EF6A-6222-472E-A195-464BDD5EAC51}
		{9BA184F8-12E7-4B0D-AB69-554E03010DE9} = {FE0E31A3-035B-48C9-9211-902E6FB174A5}
		{3910D5F7-537A-413B-AF9D-150ED7C27DD2} = {29BE085B-9663-4908-B0FA-680BA7767A75}
		{2868ADBC-8A5B-4C49-A83E-9BB18B8E97C8} = {EE17B837-279D-4F25-BC88-40B8049F54FD}
		{2A1DFB61-2802-424B-8DEB-784C162B3207} = {2868ADBC-8A5B-4C49-A83E-9BB18B8E97C8}
		{318426E9-9B15-4670-BF53-7ABBAF805468} = {EE17B837-279D-4F25-BC88-40B8049F54FD}
		{B2CF7FBD-CB1D-485B-8556-F5EECDF8B8BD} = {318426E9-9B15-4670-BF53-7ABBAF805468}
		{7CB65476-B614-49C8-98B0-D0E9E609A016} = {B1C8EF6A-6222-472E-A195-464BDD5EAC51}
		{5F4ED65D-043B-4827-80FC-181AB166B905} = {7CB65476-B614-49C8-98B0-D0E9E609A016}
		{ACF30BA2-BF41-415A-9F8C-56E15E271410} = {60044CF5-F41C-4DBF-973C-89B40DD61814}
		{60044CF5-F41C-4DBF-973C-89B40DD61814} = {B1C8EF6A-6222-472E-A195-464BDD5EAC51}
	EndGlobalSection
	GlobalSection(ExtensibilityGlobals) = postSolution
		SolutionGuid = {993FAA26-96FE-4E72-8BAD-3747FB3C3F55}
	EndGlobalSection
EndGlobal
